// !$*UTF8*$!
{
	archiveVersion = 1;
	classes = {
	};
	objectVersion = 50;
	objects = {

/* Begin PBXBuildFile section */
		56CEC7B420A6421800CB4A10 /* AppDelegate.swift in Sources */ = {isa = PBXBuildFile; fileRef = 56CEC7B320A6421800CB4A10 /* AppDelegate.swift */; };
		56CEC7B620A6421800CB4A10 /* ViewController.swift in Sources */ = {isa = PBXBuildFile; fileRef = 56CEC7B520A6421800CB4A10 /* ViewController.swift */; };
		56CEC7B920A6421800CB4A10 /* Main.storyboard in Resources */ = {isa = PBXBuildFile; fileRef = 56CEC7B720A6421800CB4A10 /* Main.storyboard */; };
		56CEC7BB20A6421A00CB4A10 /* Assets.xcassets in Resources */ = {isa = PBXBuildFile; fileRef = 56CEC7BA20A6421A00CB4A10 /* Assets.xcassets */; };
		56CEC7BE20A6421A00CB4A10 /* LaunchScreen.storyboard in Resources */ = {isa = PBXBuildFile; fileRef = 56CEC7BC20A6421A00CB4A10 /* LaunchScreen.storyboard */; };
/* End PBXBuildFile section */

/* Begin PBXFileReference section */
		56CEC7B020A6421700CB4A10 /* Checkmate.app */ = {isa = PBXFileReference; explicitFileType = wrapper.application; includeInIndex = 0; path = Checkmate.app; sourceTree = BUILT_PRODUCTS_DIR; };
		56CEC7B320A6421800CB4A10 /* AppDelegate.swift */ = {isa = PBXFileReference; lastKnownFileType = sourcecode.swift; path = AppDelegate.swift; sourceTree = "<group>"; };
		56CEC7B520A6421800CB4A10 /* ViewController.swift */ = {isa = PBXFileReference; lastKnownFileType = sourcecode.swift; path = ViewController.swift; sourceTree = "<group>"; };
		56CEC7B820A6421800CB4A10 /* Base */ = {isa = PBXFileReference; lastKnownFileType = file.storyboard; name = Base; path = Base.lproj/Main.storyboard; sourceTree = "<group>"; };
		56CEC7BA20A6421A00CB4A10 /* Assets.xcassets */ = {isa = PBXFileReference; lastKnownFileType = folder.assetcatalog; path = Assets.xcassets; sourceTree = "<group>"; };
		56CEC7BD20A6421A00CB4A10 /* Base */ = {isa = PBXFileReference; lastKnownFileType = file.storyboard; name = Base; path = Base.lproj/LaunchScreen.storyboard; sourceTree = "<group>"; };
		56CEC7BF20A6421A00CB4A10 /* Info.plist */ = {isa = PBXFileReference; lastKnownFileType = text.plist.xml; path = Info.plist; sourceTree = "<group>"; };
/* End PBXFileReference section */

/* Begin PBXFrameworksBuildPhase section */
		56CEC7AD20A6421700CB4A10 /* Frameworks */ = {
			isa = PBXFrameworksBuildPhase;
			buildActionMask = 2147483647;
			files = (
			);
			runOnlyForDeploymentPostprocessing = 0;
		};
/* End PBXFrameworksBuildPhase section */

/* Begin PBXGroup section */
		56CEC7A720A6421700CB4A10 = {
			isa = PBXGroup;
			children = (
				56CEC7B220A6421700CB4A10 /* Checkmate */,
				56CEC7B120A6421700CB4A10 /* Products */,
			);
			sourceTree = "<group>";
		};
		56CEC7B120A6421700CB4A10 /* Products */ = {
			isa = PBXGroup;
			children = (
				56CEC7B020A6421700CB4A10 /* Checkmate.app */,
			);
			name = Products;
			sourceTree = "<group>";
		};
		56CEC7B220A6421700CB4A10 /* Checkmate */ = {
			isa = PBXGroup;
			children = (
				56CEC7B320A6421800CB4A10 /* AppDelegate.swift */,
				56CEC7B520A6421800CB4A10 /* ViewController.swift */,
				56CEC7B720A6421800CB4A10 /* Main.storyboard */,
				56CEC7BA20A6421A00CB4A10 /* Assets.xcassets */,
				56CEC7BC20A6421A00CB4A10 /* LaunchScreen.storyboard */,
				56CEC7BF20A6421A00CB4A10 /* Info.plist */,
			);
			path = Checkmate;
			sourceTree = "<group>";
		};
/* End PBXGroup section */

/* Begin PBXNativeTarget section */
		56CEC7AF20A6421700CB4A10 /* Checkmate */ = {
			isa = PBXNativeTarget;
			buildConfigurationList = 56CEC7C220A6421A00CB4A10 /* Build configuration list for PBXNativeTarget "Checkmate" */;
			buildPhases = (
				56CEC7AC20A6421700CB4A10 /* Sources */,
				56CEC7AD20A6421700CB4A10 /* Frameworks */,
				56CEC7AE20A6421700CB4A10 /* Resources */,
			);
			buildRules = (
			);
			dependencies = (
			);
			name = Checkmate;
			productName = Checkmate;
			productReference = 56CEC7B020A6421700CB4A10 /* Checkmate.app */;
			productType = "com.apple.product-type.application";
		};
/* End PBXNativeTarget section */

/* Begin PBXProject section */
		56CEC7A820A6421700CB4A10 /* Project object */ = {
			isa = PBXProject;
			attributes = {
				LastSwiftUpdateCheck = 0930;
				LastUpgradeCheck = 0930;
				ORGANIZATIONNAME = "Kamil Khan";
				TargetAttributes = {
					56CEC7AF20A6421700CB4A10 = {
						CreatedOnToolsVersion = 9.3;
					};
				};
			};
			buildConfigurationList = 56CEC7AB20A6421700CB4A10 /* Build configuration list for PBXProject "Checkmate" */;
			compatibilityVersion = "Xcode 9.3";
			developmentRegion = en;
			hasScannedForEncodings = 0;
			knownRegions = (
				en,
				Base,
			);
			mainGroup = 56CEC7A720A6421700CB4A10;
			productRefGroup = 56CEC7B120A6421700CB4A10 /* Products */;
			projectDirPath = "";
			projectRoot = "";
			targets = (
				56CEC7AF20A6421700CB4A10 /* Checkmate */,
			);
		};
/* End PBXProject section */

/* Begin PBXResourcesBuildPhase section */
		56CEC7AE20A6421700CB4A10 /* Resources */ = {
			isa = PBXResourcesBuildPhase;
			buildActionMask = 2147483647;
			files = (
				56CEC7BE20A6421A00CB4A10 /* LaunchScreen.storyboard in Resources */,
				56CEC7BB20A6421A00CB4A10 /* Assets.xcassets in Resources */,
				56CEC7B920A6421800CB4A10 /* Main.storyboard in Resources */,
			);
			runOnlyForDeploymentPostprocessing = 0;
		};
/* End PBXResourcesBuildPhase section */

/* Begin PBXSourcesBuildPhase section */
		56CEC7AC20A6421700CB4A10 /* Sources */ = {
			isa = PBXSourcesBuildPhase;
			buildActionMask = 2147483647;
			files = (
				56CEC7B620A6421800CB4A10 /* ViewController.swift in Sources */,
				56CEC7B420A6421800CB4A10 /* AppDelegate.swift in Sources */,
			);
			runOnlyForDeploymentPostprocessing = 0;
		};
/* End PBXSourcesBuildPhase section */

/* Begin PBXVariantGroup section */
		56CEC7B720A6421800CB4A10 /* Main.storyboard */ = {
			isa = PBXVariantGroup;
			children = (
				56CEC7B820A6421800CB4A10 /* Base */,
			);
			name = Main.storyboard;
			sourceTree = "<group>";
		};
		56CEC7BC20A6421A00CB4A10 /* LaunchScreen.storyboard */ = {
			isa = PBXVariantGroup;
			children = (
				56CEC7BD20A6421A00CB4A10 /* Base */,
			);
			name = LaunchScreen.storyboard;
			sourceTree = "<group>";
		};
/* End PBXVariantGroup section */

/* Begin XCBuildConfiguration section */
		56CEC7C020A6421A00CB4A10 /* Debug */ = {
			isa = XCBuildConfiguration;
			buildSettings = {
				ALWAYS_SEARCH_USER_PATHS = NO;
				CLANG_ANALYZER_NONNULL = YES;
				CLANG_ANALYZER_NUMBER_OBJECT_CONVERSION = YES_AGGRESSIVE;
				CLANG_CXX_LANGUAGE_STANDARD = "gnu++14";
				CLANG_CXX_LIBRARY = "libc++";
				CLANG_ENABLE_MODULES = YES;
				CLANG_ENABLE_OBJC_ARC = YES;
				CLANG_ENABLE_OBJC_WEAK = YES;
				CLANG_WARN_BLOCK_CAPTURE_AUTORELEASING = YES;
				CLANG_WARN_BOOL_CONVERSION = YES;
				CLANG_WARN_COMMA = YES;
				CLANG_WARN_CONSTANT_CONVERSION = YES;
				CLANG_WARN_DEPRECATED_OBJC_IMPLEMENTATIONS = YES;
				CLANG_WARN_DIRECT_OBJC_ISA_USAGE = YES_ERROR;
				CLANG_WARN_DOCUMENTATION_COMMENTS = YES;
				CLANG_WARN_EMPTY_BODY = YES;
				CLANG_WARN_ENUM_CONVERSION = YES;
				CLANG_WARN_INFINITE_RECURSION = YES;
				CLANG_WARN_INT_CONVERSION = YES;
				CLANG_WARN_NON_LITERAL_NULL_CONVERSION = YES;
				CLANG_WARN_OBJC_IMPLICIT_RETAIN_SELF = YES;
				CLANG_WARN_OBJC_LITERAL_CONVERSION = YES;
				CLANG_WARN_OBJC_ROOT_CLASS = YES_ERROR;
				CLANG_WARN_RANGE_LOOP_ANALYSIS = YES;
				CLANG_WARN_STRICT_PROTOTYPES = YES;
				CLANG_WARN_SUSPICIOUS_MOVE = YES;
				CLANG_WARN_UNGUARDED_AVAILABILITY = YES_AGGRESSIVE;
				CLANG_WARN_UNREACHABLE_CODE = YES;
				CLANG_WARN__DUPLICATE_METHOD_MATCH = YES;
				CODE_SIGN_IDENTITY = "iPhone Developer";
				COPY_PHASE_STRIP = NO;
				DEBUG_INFORMATION_FORMAT = dwarf;
				ENABLE_STRICT_OBJC_MSGSEND = YES;
				ENABLE_TESTABILITY = YES;
				GCC_C_LANGUAGE_STANDARD = gnu11;
				GCC_DYNAMIC_NO_PIC = NO;
				GCC_NO_COMMON_BLOCKS = YES;
				GCC_OPTIMIZATION_LEVEL = 0;
				GCC_PREPROCESSOR_DEFINITIONS = (
					"DEBUG=1",
					"$(inherited)",
				);
				GCC_WARN_64_TO_32_BIT_CONVERSION = YES;
				GCC_WARN_ABOUT_RETURN_TYPE = YES_ERROR;
				GCC_WARN_UNDECLARED_SELECTOR = YES;
				GCC_WARN_UNINITIALIZED_AUTOS = YES_AGGRESSIVE;
				GCC_WARN_UNUSED_FUNCTION = YES;
				GCC_WARN_UNUSED_VARIABLE = YES;
				IPHONEOS_DEPLOYMENT_TARGET = 11.3;
				MTL_ENABLE_DEBUG_INFO = YES;
				ONLY_ACTIVE_ARCH = YES;
				SDKROOT = iphoneos;
				SWIFT_ACTIVE_COMPILATION_CONDITIONS = DEBUG;
				SWIFT_OPTIMIZATION_LEVEL = "-Onone";
			};
			name = Debug;
		};
		56CEC7C120A6421A00CB4A10 /* Release */ = {
			isa = XCBuildConfiguration;
			buildSettings = {
				ALWAYS_SEARCH_USER_PATHS = NO;
				CLANG_ANALYZER_NONNULL = YES;
				CLANG_ANALYZER_NUMBER_OBJECT_CONVERSION = YES_AGGRESSIVE;
				CLANG_CXX_LANGUAGE_STANDARD = "gnu++14";
				CLANG_CXX_LIBRARY = "libc++";
				CLANG_ENABLE_MODULES = YES;
				CLANG_ENABLE_OBJC_ARC = YES;
				CLANG_ENABLE_OBJC_WEAK = YES;
				CLANG_WARN_BLOCK_CAPTURE_AUTORELEASING = YES;
				CLANG_WARN_BOOL_CONVERSION = YES;
				CLANG_WARN_COMMA = YES;
				CLANG_WARN_CONSTANT_CONVERSION = YES;
				CLANG_WARN_DEPRECATED_OBJC_IMPLEMENTATIONS = YES;
				CLANG_WARN_DIRECT_OBJC_ISA_USAGE = YES_ERROR;
				CLANG_WARN_DOCUMENTATION_COMMENTS = YES;
				CLANG_WARN_EMPTY_BODY = YES;
				CLANG_WARN_ENUM_CONVERSION = YES;
				CLANG_WARN_INFINITE_RECURSION = YES;
				CLANG_WARN_INT_CONVERSION = YES;
				CLANG_WARN_NON_LITERAL_NULL_CONVERSION = YES;
				CLANG_WARN_OBJC_IMPLICIT_RETAIN_SELF = YES;
				CLANG_WARN_OBJC_LITERAL_CONVERSION = YES;
				CLANG_WARN_OBJC_ROOT_CLASS = YES_ERROR;
				CLANG_WARN_RANGE_LOOP_ANALYSIS = YES;
				CLANG_WARN_STRICT_PROTOTYPES = YES;
				CLANG_WARN_SUSPICIOUS_MOVE = YES;
				CLANG_WARN_UNGUARDED_AVAILABILITY = YES_AGGRESSIVE;
				CLANG_WARN_UNREACHABLE_CODE = YES;
				CLANG_WARN__DUPLICATE_METHOD_MATCH = YES;
				CODE_SIGN_IDENTITY = "iPhone Developer";
				COPY_PHASE_STRIP = NO;
				DEBUG_INFORMATION_FORMAT = "dwarf-with-dsym";
				ENABLE_NS_ASSERTIONS = NO;
				ENABLE_STRICT_OBJC_MSGSEND = YES;
				GCC_C_LANGUAGE_STANDARD = gnu11;
				GCC_NO_COMMON_BLOCKS = YES;
				GCC_WARN_64_TO_32_BIT_CONVERSION = YES;
				GCC_WARN_ABOUT_RETURN_TYPE = YES_ERROR;
				GCC_WARN_UNDECLARED_SELECTOR = YES;
				GCC_WARN_UNINITIALIZED_AUTOS = YES_AGGRESSIVE;
				GCC_WARN_UNUSED_FUNCTION = YES;
				GCC_WARN_UNUSED_VARIABLE = YES;
				IPHONEOS_DEPLOYMENT_TARGET = 11.3;
				MTL_ENABLE_DEBUG_INFO = NO;
				SDKROOT = iphoneos;
				SWIFT_COMPILATION_MODE = wholemodule;
				SWIFT_OPTIMIZATION_LEVEL = "-O";
				VALIDATE_PRODUCT = YES;
			};
			name = Release;
		};
		56CEC7C320A6421A00CB4A10 /* Debug */ = {
			isa = XCBuildConfiguration;
			buildSettings = {
				ASSETCATALOG_COMPILER_APPICON_NAME = AppIcon;
				CODE_SIGN_STYLE = Automatic;
				DEVELOPMENT_TEAM = U7M2E83ARF;
				INFOPLIST_FILE = Checkmate/Info.plist;
				LD_RUNPATH_SEARCH_PATHS = (
					"$(inherited)",
					"@executable_path/Frameworks",
				);
				PRODUCT_BUNDLE_IDENTIFIER = edu.kamil1.Checkmate;
				PRODUCT_NAME = "$(TARGET_NAME)";
				SWIFT_VERSION = 4.0;
				TARGETED_DEVICE_FAMILY = "1,2";
			};
			name = Debug;
		};
		56CEC7C420A6421A00CB4A10 /* Release */ = {
			isa = XCBuildConfiguration;
			buildSettings = {
				ASSETCATALOG_COMPILER_APPICON_NAME = AppIcon;
				CODE_SIGN_STYLE = Automatic;
				DEVELOPMENT_TEAM = U7M2E83ARF;
				INFOPLIST_FILE = Checkmate/Info.plist;
				LD_RUNPATH_SEARCH_PATHS = (
					"$(inherited)",
					"@executable_path/Frameworks",
				);
				PRODUCT_BUNDLE_IDENTIFIER = edu.kamil1.Checkmate;
				PRODUCT_NAME = "$(TARGET_NAME)";
				SWIFT_VERSION = 4.0;
				TARGETED_DEVICE_FAMILY = "1,2";
			};
			name = Release;
		};
/* End XCBuildConfiguration section */

/* Begin XCConfigurationList section */
		56CEC7AB20A6421700CB4A10 /* Build configuration list for PBXProject "Checkmate" */ = {
			isa = XCConfigurationList;
			buildConfigurations = (
				56CEC7C020A6421A00CB4A10 /* Debug */,
				56CEC7C120A6421A00CB4A10 /* Release */,
			);
			defaultConfigurationIsVisible = 0;
			defaultConfigurationName = Release;
		};
		56CEC7C220A6421A00CB4A10 /* Build configuration list for PBXNativeTarget "Checkmate" */ = {
			isa = XCConfigurationList;
			buildConfigurations = (
				56CEC7C320A6421A00CB4A10 /* Debug */,
				56CEC7C420A6421A00CB4A10 /* Release */,
			);
			defaultConfigurationIsVisible = 0;
			defaultConfigurationName = Release;
		};
/* End XCConfigurationList section */
	};
	rootObject = 56CEC7A820A6421700CB4A10 /* Project object */;
}
